
Microsoft Visual Studio Solution File, Format Version 12.00
# Visual Studio Version 17
VisualStudioVersion = 17.3.32929.385
MinimumVisualStudioVersion = 10.0.40219.1
Project("{FAE04EC0-301F-11D3-BF4B-00C04F79EFBC}") = "fetch-javascript", "fetch-javascript\fetch-javascript.csproj", "{230FC32B-6897-4A84-801F-B8C0C401BE82}"
EndProject
Global
	GlobalSection(SolutionConfigurationPlatforms) = preSolution
		Debug|Any CPU = Debug|Any CPU
		Release|Any CPU = Release|Any CPU
	EndGlobalSection
	GlobalSection(ProjectConfigurationPlatforms) = postSolution
		{230FC32B-6897-4A84-801F-B8C0C401BE82}.Debug|Any CPU.ActiveCfg = Debug|Any CPU
		{230FC32B-6897-4A84-801F-B8C0C401BE82}.Debug|Any CPU.Build.0 = Debug|Any CPU
		{230FC32B-6897-4A84-801F-B8C0C401BE82}.Release|Any CPU.ActiveCfg = Release|Any CPU
		{230FC32B-6897-4A84-801F-B8C0C401BE82}.Release|Any CPU.Build.0 = Release|Any CPU
	EndGlobalSection
	GlobalSection(SolutionProperties) = preSolution
		HideSolutionNode = FALSE
	EndGlobalSection
	GlobalSection(ExtensibilityGlobals) = postSolution
		SolutionGuid = {6A1C4583-84EE-4FBB-A678-7489A00F81EB}
	EndGlobalSection
EndGlobal
